{
    "_meta": {
        "hash": {
            "sha256": "11f89c5e9f8fa85b70be1d7605db6dc471f5351f246c08e24a57b0f7a2201ab8"
        },
        "pipfile-spec": 6,
        "requires": {
            "python_version": "3.6"
        },
        "sources": [
            {
                "name": "pypi",
                "url": "https://pypi.org/simple",
                "verify_ssl": true
            }
        ]
    },
    "default": {
        "apscheduler": {
            "hashes": [
                "sha256:0ed2b1120e614196557499024748c51c2864426982990684dfa5957703bbaf8f",
                "sha256:5252b2e40a487c790a4ed58bc4d2fe982fa8a43fde2f397b42534ac2daf3d51f"
            ],
            "version": "==3.0.0"
        },
        "certifi": {
            "hashes": [
                "sha256:47f9c83ef4c0c621eaef743f133f09fa8a74a9b75f037e8624f83bd1b6626cb7",
                "sha256:993f830721089fef441cdfeb4b2c8c9df86f0c63239f06bd025a76a7daddb033"
            ],
            "version": "==2018.11.29"
        },
        "chardet": {
            "hashes": [
                "sha256:84ab92ed1c4d4f16916e05906b6b75a6c0fb5db821cc65e70cbd64a3e2a5eaae",
                "sha256:fc323ffcaeaed0e0a02bf4d117757b98aed530d9ed4531e3e15460124c106691"
            ],
            "version": "==3.0.4"
        },
        "decorator": {
            "hashes": [
                "sha256:2c51dff8ef3c447388fe5e4453d24a2bf128d3a4c32af3fabef1f01c6851ab82",
                "sha256:c39efa13fbdeb4506c476c9b3babf6a718da943dab7811c206005a4a956c080c"
            ],
            "version": "==4.3.0"
        },
        "future": {
            "hashes": [
                "sha256:3d3b193f20ca62ba7d8782589922878820d0a023b885882deec830adbf639b97"
            ],
            "version": "==0.15.2"
        },
        "idna": {
            "hashes": [
                "sha256:c357b3f628cf53ae2c4c05627ecc484553142ca23264e593d327bcde5e9c3407",
                "sha256:ea8b7f6188e6fa117537c3df7da9fc686d485087abf6ac197f9c46432f7e4a3c"
            ],
            "version": "==2.8"
        },
        "jsonpath-ng": {
            "hashes": [
                "sha256:0aeb1e9f5232bb9e1b34f02b90ac51a80100b66ffc742e0b11df93ccbde82765",
                "sha256:b1fc75b877e9b2f46845a455fbdcfb0f0d9c727c45c19a745d02db620a9ef0be"
            ],
            "index": "pypi",
            "version": "==1.4.3"
        },
        "jsonschema": {
            "hashes": [
                "sha256:000e68abd33c972a5248544925a0cae7d1125f9bf6c58280d37546b946769a08",
                "sha256:6ff5f3180870836cae40f06fa10419f557208175f13ad7bc26caa77beb1f6e02"
            ],
            "index": "pypi",
            "version": "==2.6.0"
        },
        "ndscheduler": {
            "hashes": [
                "sha256:69fe97f33cd04a1061a3552da5dabf7e3fe9d58c7d0b89c16a8d6b46a2bcbb36",
                "sha256:bd7405fdd398b3f04c308bb9cb962c0ddf34cb6cf7f65c4c89e5cce027983b83"
            ],
            "index": "pypi",
            "version": "==0.3.0"
        },
        "ply": {
            "hashes": [
                "sha256:00c7c1aaa88358b9c765b6d3000c6eec0ba42abca5351b095321aef446081da3",
                "sha256:096f9b8350b65ebd2fd1346b12452efe5b9607f7482813ffca50c22722a807ce"
            ],
            "version": "==3.11"
        },
        "python-dateutil": {
            "hashes": [
                "sha256:eec865307ebe7f329a6a9945c15453265a449cdaaf3710340828a1934d53e468"
            ],
            "version": "==2.2"
        },
        "pytz": {
            "hashes": [
                "sha256:32b0891edff07e28efe91284ed9c31e123d84bea3fd98e1f72be2508f43ef8d9",
                "sha256:d5f05e487007e29e03409f9398d074e158d920d36eb82eaf66fb1136b0c5374c"
            ],
            "version": "==2018.9"
        },
        "requests": {
            "hashes": [
                "sha256:502a824f31acdacb3a35b6690b5fbf0bc41d63a24a45c4004352b0242707598e",
                "sha256:7bf2a778576d825600030a110f3c0e3e8edc51dfaafe1c146e39a2027784957b"
            ],
            "index": "pypi",
            "version": "==2.21.0"
        },
        "six": {
            "hashes": [
                "sha256:3350809f0555b11f552448330d0b52d5f24c91a322ea4a15ef22629740f3761c",
                "sha256:d16a0141ec1a18405cd4ce8b4613101da75da0e9a7aec5bdd4fa804d0e0eba73"
            ],
            "version": "==1.12.0"
        },
        "sqlalchemy": {
            "hashes": [
                "sha256:85286929727ff4aaad63785655c3baa413521b4d4955b81aa14d2f2cfb5b84cb"
            ],
            "version": "==1.0.0"
        },
        "tornado": {
            "hashes": [
                "sha256:042255160bb1976d2aa3d9e0f32ac7f8c1bc2dfab7b2c86688a3bd6088ba90e1",
                "sha256:295e1f38225ce2bdd85a0524e265e9adea40507333829f3a7d64c588dd78ff21",
                "sha256:c9c2d32593d16eedf2cec1b6a41893626a2649b40b21ca9c4cac4243bde2efbf"
            ],
            "version": "==4.3.0"
        },
        "tzlocal": {
            "hashes": [
                "sha256:4ebeb848845ac898da6519b9b31879cf13b6626f7184c496037b818e238f2c4e",
                "sha256:e87892937b86992b6528ef8874e834ba9f7d310e15b5f639a1b2baf5b4e60cd4"
            ],
            "version": "==1.5.1"
        },
        "urllib3": {
            "hashes": [
                "sha256:61bf29cada3fc2fbefad4fdf059ea4bd1b4a86d2b6d15e1c7c0b582b9752fe39",
                "sha256:de9529817c93f27c8ccbfead6985011db27bd0ddfcdb2d86f3f663385c6a9c22"
            ],
            "version": "==1.24.1"
        }
    },
    "develop": {}
}
